Microsoft Visual Studio Solution File, Format Version 12.00
# Visual Studio 2012
Project("{FAE04EC0-301F-11D3-BF4B-00C04F79EFBC}") = "UltimateTicTacToeAi", "UltimateTicTacToeAi.csproj", "{B6DA83B9-8F8F-4233-9ED2-B909AE0FCBCF}"
EndProject
Global
	GlobalSection(SolutionConfigurationPlatforms) = preSolution
	Debug|Any CPU = Debug|Any CPU
	ExportDebug|Any CPU = ExportDebug|Any CPU
	ExportRelease|Any CPU = ExportRelease|Any CPU
	EndGlobalSection
	GlobalSection(ProjectConfigurationPlatforms) = postSolution
		{B6DA83B9-8F8F-4233-9ED2-B909AE0FCBCF}.Debug|Any CPU.ActiveCfg = Debug|Any CPU
		{B6DA83B9-8F8F-4233-9ED2-B909AE0FCBCF}.Debug|Any CPU.Build.0 = Debug|Any CPU
		{B6DA83B9-8F8F-4233-9ED2-B909AE0FCBCF}.ExportDebug|Any CPU.ActiveCfg = ExportDebug|Any CPU
		{B6DA83B9-8F8F-4233-9ED2-B909AE0FCBCF}.ExportDebug|Any CPU.Build.0 = ExportDebug|Any CPU
		{B6DA83B9-8F8F-4233-9ED2-B909AE0FCBCF}.ExportRelease|Any CPU.ActiveCfg = ExportRelease|Any CPU
		{B6DA83B9-8F8F-4233-9ED2-B909AE0FCBCF}.ExportRelease|Any CPU.Build.0 = ExportRelease|Any CPU
	EndGlobalSection
EndGlobal
